
Microsoft Visual Studio Solution File, Format Version 12.00
# Visual Studio Version 16
VisualStudioVersion = 16.0.30517.126
MinimumVisualStudioVersion = 10.0.40219.1
Project("{9A19103F-16F7-4668-BE54-9A1E7A4F7556}") = "Caelicus", "Caelicus\Caelicus.csproj", "{02919E4F-DF74-4B82-924E-D518E482DDC5}"
EndProject
Project("{FAE04EC0-301F-11D3-BF4B-00C04F79EFBC}") = "SimulationTests", "SimulationTests\SimulationTests.csproj", "{63C1FDEA-35B0-47F4-8197-D0C090AB12C5}"
EndProject
Global
	GlobalSection(SolutionConfigurationPlatforms) = preSolution
		Debug|Any CPU = Debug|Any CPU
		Release|Any CPU = Release|Any CPU
	EndGlobalSection
	GlobalSection(ProjectConfigurationPlatforms) = postSolution
		{02919E4F-DF74-4B82-924E-D518E482DDC5}.Debug|Any CPU.ActiveCfg = Debug|Any CPU
		{02919E4F-DF74-4B82-924E-D518E482DDC5}.Debug|Any CPU.Build.0 = Debug|Any CPU
		{02919E4F-DF74-4B82-924E-D518E482DDC5}.Release|Any CPU.ActiveCfg = Release|Any CPU
		{02919E4F-DF74-4B82-924E-D518E482DDC5}.Release|Any CPU.Build.0 = Release|Any CPU
		{63C1FDEA-35B0-47F4-8197-D0C090AB12C5}.Debug|Any CPU.ActiveCfg = Debug|Any CPU
		{63C1FDEA-35B0-47F4-8197-D0C090AB12C5}.Debug|Any CPU.Build.0 = Debug|Any CPU
		{63C1FDEA-35B0-47F4-8197-D0C090AB12C5}.Release|Any CPU.ActiveCfg = Release|Any CPU
		{63C1FDEA-35B0-47F4-8197-D0C090AB12C5}.Release|Any CPU.Build.0 = Release|Any CPU
	EndGlobalSection
	GlobalSection(SolutionProperties) = preSolution
		HideSolutionNode = FALSE
	EndGlobalSection
	GlobalSection(ExtensibilityGlobals) = postSolution
		SolutionGuid = {84F6C345-F435-4508-8AA5-EAB84BC156F4}
	EndGlobalSection
EndGlobal
