
Microsoft Visual Studio Solution File, Format Version 12.00
# Visual Studio Version 16
VisualStudioVersion = 16.0.30517.126
MinimumVisualStudioVersion = 10.0.40219.1
Project("{9A19103F-16F7-4668-BE54-9A1E7A4F7556}") = "BlazorApp", "Caelicus\BlazorApp.csproj", "{02919E4F-DF74-4B82-924E-D518E482DDC5}"
EndProject
Project("{9A19103F-16F7-4668-BE54-9A1E7A4F7556}") = "SimulationTests", "SimulationTests\SimulationTests.csproj", "{CE1853DE-8BC6-4608-9BB7-5E6F9DB2E8FF}"
EndProject
Project("{9A19103F-16F7-4668-BE54-9A1E7A4F7556}") = "BlazorLeaflet", "BlazorLeaflet\BlazorLeaflet.csproj", "{4096B59D-1CDD-4DA0-8605-63AECF0805B9}"
EndProject
Project("{9A19103F-16F7-4668-BE54-9A1E7A4F7556}") = "SimulationCore", "SimulationCore\SimulationCore.csproj", "{8B2B71E1-7B52-4191-AD46-F5B765E623A2}"
EndProject
Project("{FAE04EC0-301F-11D3-BF4B-00C04F79EFBC}") = "DataProcessor", "DataProcessor\DataProcessor.csproj", "{60E59F9E-55DB-4434-A794-F06488094738}"
EndProject
Global
	GlobalSection(SolutionConfigurationPlatforms) = preSolution
		Debug|Any CPU = Debug|Any CPU
		Release|Any CPU = Release|Any CPU
	EndGlobalSection
	GlobalSection(ProjectConfigurationPlatforms) = postSolution
		{02919E4F-DF74-4B82-924E-D518E482DDC5}.Debug|Any CPU.ActiveCfg = Debug|Any CPU
		{02919E4F-DF74-4B82-924E-D518E482DDC5}.Debug|Any CPU.Build.0 = Debug|Any CPU
		{02919E4F-DF74-4B82-924E-D518E482DDC5}.Release|Any CPU.ActiveCfg = Release|Any CPU
		{02919E4F-DF74-4B82-924E-D518E482DDC5}.Release|Any CPU.Build.0 = Release|Any CPU
		{CE1853DE-8BC6-4608-9BB7-5E6F9DB2E8FF}.Debug|Any CPU.ActiveCfg = Debug|Any CPU
		{CE1853DE-8BC6-4608-9BB7-5E6F9DB2E8FF}.Debug|Any CPU.Build.0 = Debug|Any CPU
		{CE1853DE-8BC6-4608-9BB7-5E6F9DB2E8FF}.Release|Any CPU.ActiveCfg = Release|Any CPU
		{CE1853DE-8BC6-4608-9BB7-5E6F9DB2E8FF}.Release|Any CPU.Build.0 = Release|Any CPU
		{4096B59D-1CDD-4DA0-8605-63AECF0805B9}.Debug|Any CPU.ActiveCfg = Debug|Any CPU
		{4096B59D-1CDD-4DA0-8605-63AECF0805B9}.Debug|Any CPU.Build.0 = Debug|Any CPU
		{4096B59D-1CDD-4DA0-8605-63AECF0805B9}.Release|Any CPU.ActiveCfg = Release|Any CPU
		{4096B59D-1CDD-4DA0-8605-63AECF0805B9}.Release|Any CPU.Build.0 = Release|Any CPU
		{8B2B71E1-7B52-4191-AD46-F5B765E623A2}.Debug|Any CPU.ActiveCfg = Debug|Any CPU
		{8B2B71E1-7B52-4191-AD46-F5B765E623A2}.Debug|Any CPU.Build.0 = Debug|Any CPU
		{8B2B71E1-7B52-4191-AD46-F5B765E623A2}.Release|Any CPU.ActiveCfg = Release|Any CPU
		{8B2B71E1-7B52-4191-AD46-F5B765E623A2}.Release|Any CPU.Build.0 = Release|Any CPU
		{60E59F9E-55DB-4434-A794-F06488094738}.Debug|Any CPU.ActiveCfg = Debug|Any CPU
		{60E59F9E-55DB-4434-A794-F06488094738}.Debug|Any CPU.Build.0 = Debug|Any CPU
		{60E59F9E-55DB-4434-A794-F06488094738}.Release|Any CPU.ActiveCfg = Release|Any CPU
		{60E59F9E-55DB-4434-A794-F06488094738}.Release|Any CPU.Build.0 = Release|Any CPU
	EndGlobalSection
	GlobalSection(SolutionProperties) = preSolution
		HideSolutionNode = FALSE
	EndGlobalSection
	GlobalSection(ExtensibilityGlobals) = postSolution
		SolutionGuid = {84F6C345-F435-4508-8AA5-EAB84BC156F4}
	EndGlobalSection
EndGlobal
